
Microsoft Visual Studio Solution File, Format Version 12.00
# Visual Studio Version 17
VisualStudioVersion = 17.0.31423.177
MinimumVisualStudioVersion = 10.0.40219.1
Project("{9A19103F-16F7-4668-BE54-9A1E7A4F7556}") = "DynamicComponents", "DynamicComponents\DynamicComponents.csproj", "{4DA6978B-9361-46B8-9AD9-038BA328FCCC}"
EndProject
Global
	GlobalSection(SolutionConfigurationPlatforms) = preSolution
		Debug|Any CPU = Debug|Any CPU
		Release|Any CPU = Release|Any CPU
	EndGlobalSection
	GlobalSection(ProjectConfigurationPlatforms) = postSolution
		{4DA6978B-9361-46B8-9AD9-038BA328FCCC}.Debug|Any CPU.ActiveCfg = Debug|Any CPU
		{4DA6978B-9361-46B8-9AD9-038BA328FCCC}.Debug|Any CPU.Build.0 = Debug|Any CPU
		{4DA6978B-9361-46B8-9AD9-038BA328FCCC}.Release|Any CPU.ActiveCfg = Release|Any CPU
		{4DA6978B-9361-46B8-9AD9-038BA328FCCC}.Release|Any CPU.Build.0 = Release|Any CPU
	EndGlobalSection
	GlobalSection(SolutionProperties) = preSolution
		HideSolutionNode = FALSE
	EndGlobalSection
	GlobalSection(ExtensibilityGlobals) = postSolution
		SolutionGuid = {BB6D8969-E1BF-48DB-9009-96E346713775}
	EndGlobalSection
EndGlobal
